
Microsoft Visual Studio Solution File, Format Version 12.00
# Visual Studio Version 16
VisualStudioVersion = 16.0.29201.188
MinimumVisualStudioVersion = 10.0.40219.1
Project("{FAE04EC0-301F-11D3-BF4B-00C04F79EFBC}") = "WebApplication2", "WebApplication2\WebApplication2.csproj", "{309C4853-8FCF-4B0D-A137-712C1334B69B}"
EndProject
Global
	GlobalSection(SolutionConfigurationPlatforms) = preSolution
		Debug|Any CPU = Debug|Any CPU
		Release|Any CPU = Release|Any CPU
	EndGlobalSection
	GlobalSection(ProjectConfigurationPlatforms) = postSolution
		{309C4853-8FCF-4B0D-A137-712C1334B69B}.Debug|Any CPU.ActiveCfg = Debug|Any CPU
		{309C4853-8FCF-4B0D-A137-712C1334B69B}.Debug|Any CPU.Build.0 = Debug|Any CPU
		{309C4853-8FCF-4B0D-A137-712C1334B69B}.Release|Any CPU.ActiveCfg = Release|Any CPU
		{309C4853-8FCF-4B0D-A137-712C1334B69B}.Release|Any CPU.Build.0 = Release|Any CPU
	EndGlobalSection
	GlobalSection(SolutionProperties) = preSolution
		HideSolutionNode = FALSE
	EndGlobalSection
	GlobalSection(ExtensibilityGlobals) = postSolution
		SolutionGuid = {2F4FE788-BE87-46DD-AE4B-8336AAED1205}
	EndGlobalSection
EndGlobal
